// !$*UTF8*$!
{
	archiveVersion = 1;
	classes = {
	};
	objectVersion = 46;
	objects = {

/* Begin PBXBuildFile section */
		176983EEB21C6E496D6839A1 /* CoreLocation.framework in Frameworks */ = {isa = PBXBuildFile; fileRef = 17698DCEF522C32824DEC870 /* CoreLocation.framework */; };
		E6FE8F9C19C828860006A579 /* Foundation.framework in Frameworks */ = {isa = PBXBuildFile; fileRef = E6FE8F9B19C828860006A579 /* Foundation.framework */; };
		E6FE8FA119C828860006A579 /* iLocation.h in CopyFiles */ = {isa = PBXBuildFile; fileRef = E6FE8FA019C828860006A579 /* iLocation.h */; };
		E6FE8FA319C828860006A579 /* iLocation.m in Sources */ = {isa = PBXBuildFile; fileRef = E6FE8FA219C828860006A579 /* iLocation.m */; };
		E6FE8FAA19C828860006A579 /* XCTest.framework in Frameworks */ = {isa = PBXBuildFile; fileRef = E6FE8FA919C828860006A579 /* XCTest.framework */; };
		E6FE8FAB19C828860006A579 /* Foundation.framework in Frameworks */ = {isa = PBXBuildFile; fileRef = E6FE8F9B19C828860006A579 /* Foundation.framework */; };
		E6FE8FAD19C828860006A579 /* UIKit.framework in Frameworks */ = {isa = PBXBuildFile; fileRef = E6FE8FAC19C828860006A579 /* UIKit.framework */; };
		E6FE8FB019C828860006A579 /* libiLocation.a in Frameworks */ = {isa = PBXBuildFile; fileRef = E6FE8F9819C828860006A579 /* libiLocation.a */; };
		E6FE8FC119C828AC0006A579 /* libiLocation.a in CopyFiles */ = {isa = PBXBuildFile; fileRef = E6FE8F9819C828860006A579 /* libiLocation.a */; };
/* End PBXBuildFile section */

/* Begin PBXContainerItemProxy section */
		E6FE8FAE19C828860006A579 /* PBXContainerItemProxy */ = {
			isa = PBXContainerItemProxy;
			containerPortal = E6FE8F9019C828860006A579 /* Project object */;
			proxyType = 1;
			remoteGlobalIDString = E6FE8F9719C828860006A579;
			remoteInfo = iLocation;
		};
/* End PBXContainerItemProxy section */

/* Begin PBXCopyFilesBuildPhase section */
		E6FE8F9619C828860006A579 /* CopyFiles */ = {
			isa = PBXCopyFilesBuildPhase;
			buildActionMask = 2147483647;
			dstPath = /Users/b4j/Documents/objc/Libs;
			dstSubfolderSpec = 0;
			files = (
				E6FE8FC119C828AC0006A579 /* libiLocation.a in CopyFiles */,
				E6FE8FA119C828860006A579 /* iLocation.h in CopyFiles */,
			);
			runOnlyForDeploymentPostprocessing = 0;
		};
/* End PBXCopyFilesBuildPhase section */

/* Begin PBXFileReference section */
		176980CFE9675AFF315F539E /* iCore.h */ = {isa = PBXFileReference; fileEncoding = 4; lastKnownFileType = sourcecode.c.h; name = iCore.h; path = ../../Libs/iCore.h; sourceTree = "<group>"; };
		17698DCEF522C32824DEC870 /* CoreLocation.framework */ = {isa = PBXFileReference; lastKnownFileType = wrapper.framework; name = CoreLocation.framework; path = System/Library/Frameworks/CoreLocation.framework; sourceTree = SDKROOT; };
		E6FE8F9819C828860006A579 /* libiLocation.a */ = {isa = PBXFileReference; explicitFileType = archive.ar; includeInIndex = 0; path = libiLocation.a; sourceTree = BUILT_PRODUCTS_DIR; };
		E6FE8F9B19C828860006A579 /* Foundation.framework */ = {isa = PBXFileReference; lastKnownFileType = wrapper.framework; name = Foundation.framework; path = System/Library/Frameworks/Foundation.framework; sourceTree = SDKROOT; };
		E6FE8F9F19C828860006A579 /* iLocation-Prefix.pch */ = {isa = PBXFileReference; lastKnownFileType = sourcecode.c.h; path = "iLocation-Prefix.pch"; sourceTree = "<group>"; };
		E6FE8FA019C828860006A579 /* iLocation.h */ = {isa = PBXFileReference; lastKnownFileType = sourcecode.c.h; path = iLocation.h; sourceTree = "<group>"; };
		E6FE8FA219C828860006A579 /* iLocation.m */ = {isa = PBXFileReference; lastKnownFileType = sourcecode.c.objc; path = iLocation.m; sourceTree = "<group>"; };
		E6FE8FA819C828860006A579 /* iLocationTests.xctest */ = {isa = PBXFileReference; explicitFileType = wrapper.cfbundle; includeInIndex = 0; path = iLocationTests.xctest; sourceTree = BUILT_PRODUCTS_DIR; };
		E6FE8FA919C828860006A579 /* XCTest.framework */ = {isa = PBXFileReference; lastKnownFileType = wrapper.framework; name = XCTest.framework; path = Library/Frameworks/XCTest.framework; sourceTree = DEVELOPER_DIR; };
		E6FE8FAC19C828860006A579 /* UIKit.framework */ = {isa = PBXFileReference; lastKnownFileType = wrapper.framework; name = UIKit.framework; path = Library/Frameworks/UIKit.framework; sourceTree = DEVELOPER_DIR; };
/* End PBXFileReference section */

/* Begin PBXFrameworksBuildPhase section */
		E6FE8F9519C828860006A579 /* Frameworks */ = {
			isa = PBXFrameworksBuildPhase;
			buildActionMask = 2147483647;
			files = (
				E6FE8F9C19C828860006A579 /* Foundation.framework in Frameworks */,
				176983EEB21C6E496D6839A1 /* CoreLocation.framework in Frameworks */,
			);
			runOnlyForDeploymentPostprocessing = 0;
		};
		E6FE8FA519C828860006A579 /* Frameworks */ = {
			isa = PBXFrameworksBuildPhase;
			buildActionMask = 2147483647;
			files = (
				E6FE8FAA19C828860006A579 /* XCTest.framework in Frameworks */,
				E6FE8FAD19C828860006A579 /* UIKit.framework in Frameworks */,
				E6FE8FB019C828860006A579 /* libiLocation.a in Frameworks */,
				E6FE8FAB19C828860006A579 /* Foundation.framework in Frameworks */,
			);
			runOnlyForDeploymentPostprocessing = 0;
		};
/* End PBXFrameworksBuildPhase section */

/* Begin PBXGroup section */
		E6FE8F8F19C828860006A579 = {
			isa = PBXGroup;
			children = (
				E6FE8F9D19C828860006A579 /* iLocation */,
				E6FE8F9A19C828860006A579 /* Frameworks */,
				E6FE8F9919C828860006A579 /* Products */,
			);
			sourceTree = "<group>";
		};
		E6FE8F9919C828860006A579 /* Products */ = {
			isa = PBXGroup;
			children = (
				E6FE8F9819C828860006A579 /* libiLocation.a */,
				E6FE8FA819C828860006A579 /* iLocationTests.xctest */,
			);
			name = Products;
			sourceTree = "<group>";
		};
		E6FE8F9A19C828860006A579 /* Frameworks */ = {
			isa = PBXGroup;
			children = (
				E6FE8F9B19C828860006A579 /* Foundation.framework */,
				E6FE8FA919C828860006A579 /* XCTest.framework */,
				E6FE8FAC19C828860006A579 /* UIKit.framework */,
				17698DCEF522C32824DEC870 /* CoreLocation.framework */,
			);
			name = Frameworks;
			sourceTree = "<group>";
		};
		E6FE8F9D19C828860006A579 /* iLocation */ = {
			isa = PBXGroup;
			children = (
				E6FE8FA019C828860006A579 /* iLocation.h */,
				E6FE8FA219C828860006A579 /* iLocation.m */,
				E6FE8F9E19C828860006A579 /* Supporting Files */,
				176980CFE9675AFF315F539E /* iCore.h */,
			);
			path = iLocation;
			sourceTree = "<group>";
		};
		E6FE8F9E19C828860006A579 /* Supporting Files */ = {
			isa = PBXGroup;
			children = (
				E6FE8F9F19C828860006A579 /* iLocation-Prefix.pch */,
			);
			name = "Supporting Files";
			sourceTree = "<group>";
		};
/* End PBXGroup section */

/* Begin PBXNativeTarget section */
		E6FE8F9719C828860006A579 /* iLocation */ = {
			isa = PBXNativeTarget;
			buildConfigurationList = E6FE8FBB19C828860006A579 /* Build configuration list for PBXNativeTarget "iLocation" */;
			buildPhases = (
				E6FE8F9419C828860006A579 /* Sources */,
				E6FE8F9519C828860006A579 /* Frameworks */,
				E6FE8F9619C828860006A579 /* CopyFiles */,
			);
			buildRules = (
			);
			dependencies = (
			);
			name = iLocation;
			productName = iLocation;
			productReference = E6FE8F9819C828860006A579 /* libiLocation.a */;
			productType = "com.apple.product-type.library.static";
		};
		E6FE8FA719C828860006A579 /* iLocationTests */ = {
			isa = PBXNativeTarget;
			buildConfigurationList = E6FE8FBE19C828860006A579 /* Build configuration list for PBXNativeTarget "iLocationTests" */;
			buildPhases = (
				E6FE8FA419C828860006A579 /* Sources */,
				E6FE8FA519C828860006A579 /* Frameworks */,
				E6FE8FA619C828860006A579 /* Resources */,
			);
			buildRules = (
			);
			dependencies = (
				E6FE8FAF19C828860006A579 /* PBXTargetDependency */,
			);
			name = iLocationTests;
			productName = iLocationTests;
			productReference = E6FE8FA819C828860006A579 /* iLocationTests.xctest */;
			productType = "com.apple.product-type.bundle.unit-test";
		};
/* End PBXNativeTarget section */

/* Begin PBXProject section */
		E6FE8F9019C828860006A579 /* Project object */ = {
			isa = PBXProject;
			attributes = {
				LastUpgradeCheck = 0510;
				ORGANIZATIONNAME = "Anywhere Software";
			};
			buildConfigurationList = E6FE8F9319C828860006A579 /* Build configuration list for PBXProject "iLocation" */;
			compatibilityVersion = "Xcode 3.2";
			developmentRegion = English;
			hasScannedForEncodings = 0;
			knownRegions = (
				en,
			);
			mainGroup = E6FE8F8F19C828860006A579;
			productRefGroup = E6FE8F9919C828860006A579 /* Products */;
			projectDirPath = "";
			projectRoot = "";
			targets = (
				E6FE8F9719C828860006A579 /* iLocation */,
				E6FE8FA719C828860006A579 /* iLocationTests */,
			);
		};
/* End PBXProject section */

/* Begin PBXResourcesBuildPhase section */
		E6FE8FA619C828860006A579 /* Resources */ = {
			isa = PBXResourcesBuildPhase;
			buildActionMask = 2147483647;
			files = (
			);
			runOnlyForDeploymentPostprocessing = 0;
		};
/* End PBXResourcesBuildPhase section */

/* Begin PBXSourcesBuildPhase section */
		E6FE8F9419C828860006A579 /* Sources */ = {
			isa = PBXSourcesBuildPhase;
			buildActionMask = 2147483647;
			files = (
				E6FE8FA319C828860006A579 /* iLocation.m in Sources */,
			);
			runOnlyForDeploymentPostprocessing = 0;
		};
		E6FE8FA419C828860006A579 /* Sources */ = {
			isa = PBXSourcesBuildPhase;
			buildActionMask = 2147483647;
			files = (
			);
			runOnlyForDeploymentPostprocessing = 0;
		};
/* End PBXSourcesBuildPhase section */

/* Begin PBXTargetDependency section */
		E6FE8FAF19C828860006A579 /* PBXTargetDependency */ = {
			isa = PBXTargetDependency;
			target = E6FE8F9719C828860006A579 /* iLocation */;
			targetProxy = E6FE8FAE19C828860006A579 /* PBXContainerItemProxy */;
		};
/* End PBXTargetDependency section */

/* Begin XCBuildConfiguration section */
		E6FE8FB919C828860006A579 /* Debug */ = {
			isa = XCBuildConfiguration;
			buildSettings = {
				ALWAYS_SEARCH_USER_PATHS = NO;
				CLANG_CXX_LANGUAGE_STANDARD = "gnu++0x";
				CLANG_CXX_LIBRARY = "libc++";
				CLANG_ENABLE_MODULES = YES;
				CLANG_ENABLE_OBJC_ARC = YES;
				CLANG_WARN_BOOL_CONVERSION = YES;
				CLANG_WARN_CONSTANT_CONVERSION = YES;
				CLANG_WARN_DIRECT_OBJC_ISA_USAGE = YES_ERROR;
				CLANG_WARN_EMPTY_BODY = YES;
				CLANG_WARN_ENUM_CONVERSION = YES;
				CLANG_WARN_INT_CONVERSION = YES;
				CLANG_WARN_OBJC_ROOT_CLASS = YES_ERROR;
				CLANG_WARN__DUPLICATE_METHOD_MATCH = YES;
				COPY_PHASE_STRIP = NO;
				DEBUG_INFORMATION_FORMAT = stabs;
				GCC_C_LANGUAGE_STANDARD = gnu99;
				GCC_DYNAMIC_NO_PIC = NO;
				GCC_OPTIMIZATION_LEVEL = 0;
				GCC_PREPROCESSOR_DEFINITIONS = (
					"DEBUG=1",
					"$(inherited)",
				);
				GCC_SYMBOLS_PRIVATE_EXTERN = NO;
				GCC_WARN_64_TO_32_BIT_CONVERSION = YES;
				GCC_WARN_ABOUT_RETURN_TYPE = YES_ERROR;
				GCC_WARN_UNDECLARED_SELECTOR = YES;
				GCC_WARN_UNINITIALIZED_AUTOS = YES_AGGRESSIVE;
				GCC_WARN_UNUSED_FUNCTION = YES;
				GCC_WARN_UNUSED_VARIABLE = YES;
				IPHONEOS_DEPLOYMENT_TARGET = 7.1;
				ONLY_ACTIVE_ARCH = YES;
				SDKROOT = iphoneos;
			};
			name = Debug;
		};
		E6FE8FBA19C828860006A579 /* Release */ = {
			isa = XCBuildConfiguration;
			buildSettings = {
				ALWAYS_SEARCH_USER_PATHS = NO;
				CLANG_CXX_LANGUAGE_STANDARD = "gnu++0x";
				CLANG_CXX_LIBRARY = "libc++";
				CLANG_ENABLE_MODULES = YES;
				CLANG_ENABLE_OBJC_ARC = YES;
				CLANG_WARN_BOOL_CONVERSION = YES;
				CLANG_WARN_CONSTANT_CONVERSION = YES;
				CLANG_WARN_DIRECT_OBJC_ISA_USAGE = YES_ERROR;
				CLANG_WARN_EMPTY_BODY = YES;
				CLANG_WARN_ENUM_CONVERSION = YES;
				CLANG_WARN_INT_CONVERSION = YES;
				CLANG_WARN_OBJC_ROOT_CLASS = YES_ERROR;
				CLANG_WARN__DUPLICATE_METHOD_MATCH = YES;
				COPY_PHASE_STRIP = YES;
				DEBUG_INFORMATION_FORMAT = stabs;
				ENABLE_NS_ASSERTIONS = NO;
				GCC_C_LANGUAGE_STANDARD = gnu99;
				GCC_WARN_64_TO_32_BIT_CONVERSION = YES;
				GCC_WARN_ABOUT_RETURN_TYPE = YES_ERROR;
				GCC_WARN_UNDECLARED_SELECTOR = YES;
				GCC_WARN_UNINITIALIZED_AUTOS = YES_AGGRESSIVE;
				GCC_WARN_UNUSED_FUNCTION = YES;
				GCC_WARN_UNUSED_VARIABLE = YES;
				IPHONEOS_DEPLOYMENT_TARGET = 7.1;
				SDKROOT = iphoneos;
				VALIDATE_PRODUCT = YES;
			};
			name = Release;
		};
		E6FE8FBC19C828860006A579 /* Debug */ = {
			isa = XCBuildConfiguration;
			buildSettings = {
				ARCHS = "$(ARCHS_STANDARD)";
				DSTROOT = /tmp/iLocation.dst;
				GCC_PRECOMPILE_PREFIX_HEADER = YES;
				GCC_PREFIX_HEADER = "iLocation/iLocation-Prefix.pch";
				ONLY_ACTIVE_ARCH = NO;
				OTHER_LDFLAGS = "-ObjC";
				PRODUCT_NAME = "$(TARGET_NAME)";
				SKIP_INSTALL = YES;
			};
			name = Debug;
		};
		E6FE8FBD19C828860006A579 /* Release */ = {
			isa = XCBuildConfiguration;
			buildSettings = {
				ARCHS = "$(ARCHS_STANDARD)";
				DSTROOT = /tmp/iLocation.dst;
				GCC_PRECOMPILE_PREFIX_HEADER = YES;
				GCC_PREFIX_HEADER = "iLocation/iLocation-Prefix.pch";
				OTHER_LDFLAGS = "-ObjC";
				PRODUCT_NAME = "$(TARGET_NAME)";
				SKIP_INSTALL = YES;
			};
			name = Release;
		};
		E6FE8FBF19C828860006A579 /* Debug */ = {
			isa = XCBuildConfiguration;
			buildSettings = {
				FRAMEWORK_SEARCH_PATHS = (
					"$(SDKROOT)/Developer/Library/Frameworks",
					"$(inherited)",
					"$(DEVELOPER_FRAMEWORKS_DIR)",
				);
				GCC_PRECOMPILE_PREFIX_HEADER = YES;
				GCC_PREFIX_HEADER = "iLocation/iLocation-Prefix.pch";
				GCC_PREPROCESSOR_DEFINITIONS = (
					"DEBUG=1",
					"$(inherited)",
				);
				INFOPLIST_FILE = "iLocationTests/iLocationTests-Info.plist";
				PRODUCT_NAME = "$(TARGET_NAME)";
				WRAPPER_EXTENSION = xctest;
			};
			name = Debug;
		};
		E6FE8FC019C828860006A579 /* Release */ = {
			isa = XCBuildConfiguration;
			buildSettings = {
				FRAMEWORK_SEARCH_PATHS = (
					"$(SDKROOT)/Developer/Library/Frameworks",
					"$(inherited)",
					"$(DEVELOPER_FRAMEWORKS_DIR)",
				);
				GCC_PRECOMPILE_PREFIX_HEADER = YES;
				GCC_PREFIX_HEADER = "iLocation/iLocation-Prefix.pch";
				INFOPLIST_FILE = "iLocationTests/iLocationTests-Info.plist";
				PRODUCT_NAME = "$(TARGET_NAME)";
				WRAPPER_EXTENSION = xctest;
			};
			name = Release;
		};
/* End XCBuildConfiguration section */

/* Begin XCConfigurationList section */
		E6FE8F9319C828860006A579 /* Build configuration list for PBXProject "iLocation" */ = {
			isa = XCConfigurationList;
			buildConfigurations = (
				E6FE8FB919C828860006A579 /* Debug */,
				E6FE8FBA19C828860006A579 /* Release */,
			);
			defaultConfigurationIsVisible = 0;
			defaultConfigurationName = Release;
		};
		E6FE8FBB19C828860006A579 /* Build configuration list for PBXNativeTarget "iLocation" */ = {
			isa = XCConfigurationList;
			buildConfigurations = (
				E6FE8FBC19C828860006A579 /* Debug */,
				E6FE8FBD19C828860006A579 /* Release */,
			);
			defaultConfigurationIsVisible = 0;
			defaultConfigurationName = Release;
		};
		E6FE8FBE19C828860006A579 /* Build configuration list for PBXNativeTarget "iLocationTests" */ = {
			isa = XCConfigurationList;
			buildConfigurations = (
				E6FE8FBF19C828860006A579 /* Debug */,
				E6FE8FC019C828860006A579 /* Release */,
			);
			defaultConfigurationIsVisible = 0;
			defaultConfigurationName = Release;
		};
/* End XCConfigurationList section */
	};
	rootObject = E6FE8F9019C828860006A579 /* Project object */;
}
