// !$*UTF8*$!
{
	archiveVersion = 1;
	classes = {
	};
	objectVersion = 46;
	objects = {

/* Begin PBXBuildFile section */
		176989CB408D2609840042CD /* B4IAdView.m in Sources */ = {isa = PBXBuildFile; fileRef = 17698DCC044CE4E4C670C8F8 /* B4IAdView.m */; };
		E648132A19D994660011752B /* iAdMob.h in Copy Files */ = {isa = PBXBuildFile; fileRef = E648132919D994660011752B /* iAdMob.h */; };
		E648133D19D995C60011752B /* libiAdMob.a in Copy Files */ = {isa = PBXBuildFile; fileRef = E648132619D994660011752B /* libiAdMob.a */; };
/* End PBXBuildFile section */

/* Begin PBXCopyFilesBuildPhase section */
		E648132419D994660011752B /* Copy Files */ = {
			isa = PBXCopyFilesBuildPhase;
			buildActionMask = 2147483647;
			dstPath = /Users/kaopuedu/Documents/macserver/Libs;
			dstSubfolderSpec = 0;
			files = (
				E648133D19D995C60011752B /* libiAdMob.a in Copy Files */,
				E648132A19D994660011752B /* iAdMob.h in Copy Files */,
			);
			name = "Copy Files";
			runOnlyForDeploymentPostprocessing = 0;
		};
/* End PBXCopyFilesBuildPhase section */

/* Begin PBXFileReference section */
		176981363BF99853B9D301D2 /* GADAdSizeDelegate.h */ = {isa = PBXFileReference; fileEncoding = 4; lastKnownFileType = sourcecode.c.h; path = GADAdSizeDelegate.h; sourceTree = "<group>"; };
		176981F2C47FBE01EB6F28CD /* GADCustomEventBanner.h */ = {isa = PBXFileReference; fileEncoding = 4; lastKnownFileType = sourcecode.c.h; path = GADCustomEventBanner.h; sourceTree = "<group>"; };
		1769838E6A0F1646B510C9BF /* DFPInterstitial.h */ = {isa = PBXFileReference; fileEncoding = 4; lastKnownFileType = sourcecode.c.h; path = DFPInterstitial.h; sourceTree = "<group>"; };
		1769841DF1D89EDFDA5E73F9 /* GADAdNetworkExtras.h */ = {isa = PBXFileReference; fileEncoding = 4; lastKnownFileType = sourcecode.c.h; path = GADAdNetworkExtras.h; sourceTree = "<group>"; };
		176985C54110922F362080C3 /* GADAppEventDelegate.h */ = {isa = PBXFileReference; fileEncoding = 4; lastKnownFileType = sourcecode.c.h; path = GADAppEventDelegate.h; sourceTree = "<group>"; };
		176985C93FB90DD7C73A23D4 /* GADModules.h */ = {isa = PBXFileReference; fileEncoding = 4; lastKnownFileType = sourcecode.c.h; path = GADModules.h; sourceTree = "<group>"; };
		176985E2CF0ED51576840590 /* GADInAppPurchaseDelegate.h */ = {isa = PBXFileReference; fileEncoding = 4; lastKnownFileType = sourcecode.c.h; path = GADInAppPurchaseDelegate.h; sourceTree = "<group>"; };
		176987AA2D174B0C760A801E /* GADSearchRequest.h */ = {isa = PBXFileReference; fileEncoding = 4; lastKnownFileType = sourcecode.c.h; path = GADSearchRequest.h; sourceTree = "<group>"; };
		176988275A3099A016BD2C31 /* GADInterstitialDelegate.h */ = {isa = PBXFileReference; fileEncoding = 4; lastKnownFileType = sourcecode.c.h; path = GADInterstitialDelegate.h; sourceTree = "<group>"; };
		176988DBA234DA8219234A9C /* GADAdSize.h */ = {isa = PBXFileReference; fileEncoding = 4; lastKnownFileType = sourcecode.c.h; path = GADAdSize.h; sourceTree = "<group>"; };
		17698908BAE1EACAD4ED430C /* GADBannerView.h */ = {isa = PBXFileReference; fileEncoding = 4; lastKnownFileType = sourcecode.c.h; path = GADBannerView.h; sourceTree = "<group>"; };
		17698926C712BB1B4B1C95BD /* GADRequestError.h */ = {isa = PBXFileReference; fileEncoding = 4; lastKnownFileType = sourcecode.c.h; path = GADRequestError.h; sourceTree = "<group>"; };
		176989AECD3CDDA1A80F803E /* GADRequest.h */ = {isa = PBXFileReference; fileEncoding = 4; lastKnownFileType = sourcecode.c.h; path = GADRequest.h; sourceTree = "<group>"; };
		176989B9BCDEB6EDD94DDD4F /* DFPBannerView.h */ = {isa = PBXFileReference; fileEncoding = 4; lastKnownFileType = sourcecode.c.h; path = DFPBannerView.h; sourceTree = "<group>"; };
		176989BD4841229976D86601 /* GADCustomEventInterstitialDelegate.h */ = {isa = PBXFileReference; fileEncoding = 4; lastKnownFileType = sourcecode.c.h; path = GADCustomEventInterstitialDelegate.h; sourceTree = "<group>"; };
		176989F4F743B7C0A9C575E2 /* GADCustomEventBannerDelegate.h */ = {isa = PBXFileReference; fileEncoding = 4; lastKnownFileType = sourcecode.c.h; path = GADCustomEventBannerDelegate.h; sourceTree = "<group>"; };
		17698A1E0F3A82DA620B9F78 /* GADInAppPurchase.h */ = {isa = PBXFileReference; fileEncoding = 4; lastKnownFileType = sourcecode.c.h; path = GADInAppPurchase.h; sourceTree = "<group>"; };
		17698A43592E8E6FDB774FB6 /* GADCustomEventExtras.h */ = {isa = PBXFileReference; fileEncoding = 4; lastKnownFileType = sourcecode.c.h; path = GADCustomEventExtras.h; sourceTree = "<group>"; };
		17698B0DFAF374F7C17612ED /* GADCustomEventInterstitial.h */ = {isa = PBXFileReference; fileEncoding = 4; lastKnownFileType = sourcecode.c.h; path = GADCustomEventInterstitial.h; sourceTree = "<group>"; };
		17698B0F9C78BD2025AC2123 /* GADBannerViewDelegate.h */ = {isa = PBXFileReference; fileEncoding = 4; lastKnownFileType = sourcecode.c.h; path = GADBannerViewDelegate.h; sourceTree = "<group>"; };
		17698B3E2B33AF5D841D8D1C /* DFPExtras.h */ = {isa = PBXFileReference; fileEncoding = 4; lastKnownFileType = sourcecode.c.h; path = DFPExtras.h; sourceTree = "<group>"; };
		17698B519066CFCE5E578DB4 /* GADAdMobExtras.h */ = {isa = PBXFileReference; fileEncoding = 4; lastKnownFileType = sourcecode.c.h; path = GADAdMobExtras.h; sourceTree = "<group>"; };
		17698DCC044CE4E4C670C8F8 /* B4IAdView.m */ = {isa = PBXFileReference; fileEncoding = 4; lastKnownFileType = sourcecode.c.objc; path = B4IAdView.m; sourceTree = "<group>"; };
		17698DD76605DBED31209C79 /* GADSwipeableBannerViewDelegate.h */ = {isa = PBXFileReference; fileEncoding = 4; lastKnownFileType = sourcecode.c.h; path = GADSwipeableBannerViewDelegate.h; sourceTree = "<group>"; };
		17698E755BCF57AFCA4C2E14 /* DFPSwipeableBannerView.h */ = {isa = PBXFileReference; fileEncoding = 4; lastKnownFileType = sourcecode.c.h; path = DFPSwipeableBannerView.h; sourceTree = "<group>"; };
		17698E8A430015CACCA2CDAE /* GADInterstitial.h */ = {isa = PBXFileReference; fileEncoding = 4; lastKnownFileType = sourcecode.c.h; path = GADInterstitial.h; sourceTree = "<group>"; };
		17698EA04180F3BAD3DF3816 /* GADCustomEventRequest.h */ = {isa = PBXFileReference; fileEncoding = 4; lastKnownFileType = sourcecode.c.h; path = GADCustomEventRequest.h; sourceTree = "<group>"; };
		17698FCFFFC4B3DDC8723547 /* GADSearchBannerView.h */ = {isa = PBXFileReference; fileEncoding = 4; lastKnownFileType = sourcecode.c.h; path = GADSearchBannerView.h; sourceTree = "<group>"; };
		9CEB99E41DC062B400F0D53F /* iCore.h */ = {isa = PBXFileReference; fileEncoding = 4; lastKnownFileType = sourcecode.c.h; name = iCore.h; path = ../../../macserver/Libs/iCore.h; sourceTree = "<group>"; };
		E648132619D994660011752B /* libiAdMob.a */ = {isa = PBXFileReference; explicitFileType = archive.ar; includeInIndex = 0; path = libiAdMob.a; sourceTree = BUILT_PRODUCTS_DIR; };
		E648132919D994660011752B /* iAdMob.h */ = {isa = PBXFileReference; lastKnownFileType = sourcecode.c.h; path = iAdMob.h; sourceTree = "<group>"; };
/* End PBXFileReference section */

/* Begin PBXFrameworksBuildPhase section */
		E648132319D994660011752B /* Frameworks */ = {
			isa = PBXFrameworksBuildPhase;
			buildActionMask = 2147483647;
			files = (
			);
			runOnlyForDeploymentPostprocessing = 0;
		};
		E648132E19D994660011752B /* Frameworks */ = {
			isa = PBXFrameworksBuildPhase;
			buildActionMask = 2147483647;
			files = (
			);
			runOnlyForDeploymentPostprocessing = 0;
		};
/* End PBXFrameworksBuildPhase section */

/* Begin PBXGroup section */
		17698373D1C228F26869F452 /* DoubleClick */ = {
			isa = PBXGroup;
			children = (
				17698B3E2B33AF5D841D8D1C /* DFPExtras.h */,
				176989B9BCDEB6EDD94DDD4F /* DFPBannerView.h */,
				1769838E6A0F1646B510C9BF /* DFPInterstitial.h */,
				176981363BF99853B9D301D2 /* GADAdSizeDelegate.h */,
				176985C54110922F362080C3 /* GADAppEventDelegate.h */,
				17698E755BCF57AFCA4C2E14 /* DFPSwipeableBannerView.h */,
				17698DD76605DBED31209C79 /* GADSwipeableBannerViewDelegate.h */,
			);
			path = DoubleClick;
			sourceTree = "<group>";
		};
		17698604BD13A1F4BB43B69D /* Mediation */ = {
			isa = PBXGroup;
			children = (
				176981F2C47FBE01EB6F28CD /* GADCustomEventBanner.h */,
				17698A43592E8E6FDB774FB6 /* GADCustomEventExtras.h */,
				17698EA04180F3BAD3DF3816 /* GADCustomEventRequest.h */,
				17698B0DFAF374F7C17612ED /* GADCustomEventInterstitial.h */,
				176989F4F743B7C0A9C575E2 /* GADCustomEventBannerDelegate.h */,
				176989BD4841229976D86601 /* GADCustomEventInterstitialDelegate.h */,
			);
			path = Mediation;
			sourceTree = "<group>";
		};
		1769871DB08774B0EE4807FC /* Add-ons */ = {
			isa = PBXGroup;
			children = (
				17698EAC51179530EC730E3A /* Search */,
				17698604BD13A1F4BB43B69D /* Mediation */,
				17698373D1C228F26869F452 /* DoubleClick */,
			);
			path = "Add-ons";
			sourceTree = "<group>";
		};
		17698EAC51179530EC730E3A /* Search */ = {
			isa = PBXGroup;
			children = (
				176987AA2D174B0C760A801E /* GADSearchRequest.h */,
				17698FCFFFC4B3DDC8723547 /* GADSearchBannerView.h */,
			);
			path = Search;
			sourceTree = "<group>";
		};
		E648131D19D994660011752B = {
			isa = PBXGroup;
			children = (
				E648132819D994660011752B /* iAdMob */,
				E648132719D994660011752B /* Products */,
			);
			sourceTree = "<group>";
		};
		E648132719D994660011752B /* Products */ = {
			isa = PBXGroup;
			children = (
				E648132619D994660011752B /* libiAdMob.a */,
			);
			name = Products;
			sourceTree = "<group>";
		};
		E648132819D994660011752B /* iAdMob */ = {
			isa = PBXGroup;
			children = (
				9CEB99E41DC062B400F0D53F /* iCore.h */,
				E648132919D994660011752B /* iAdMob.h */,
				17698A1E0F3A82DA620B9F78 /* GADInAppPurchase.h */,
				176985C93FB90DD7C73A23D4 /* GADModules.h */,
				176988DBA234DA8219234A9C /* GADAdSize.h */,
				1769871DB08774B0EE4807FC /* Add-ons */,
				1769841DF1D89EDFDA5E73F9 /* GADAdNetworkExtras.h */,
				17698B519066CFCE5E578DB4 /* GADAdMobExtras.h */,
				17698908BAE1EACAD4ED430C /* GADBannerView.h */,
				176985E2CF0ED51576840590 /* GADInAppPurchaseDelegate.h */,
				17698926C712BB1B4B1C95BD /* GADRequestError.h */,
				17698E8A430015CACCA2CDAE /* GADInterstitial.h */,
				176988275A3099A016BD2C31 /* GADInterstitialDelegate.h */,
				17698B0F9C78BD2025AC2123 /* GADBannerViewDelegate.h */,
				176989AECD3CDDA1A80F803E /* GADRequest.h */,
				17698DCC044CE4E4C670C8F8 /* B4IAdView.m */,
			);
			path = iAdMob;
			sourceTree = "<group>";
		};
/* End PBXGroup section */

/* Begin PBXNativeTarget section */
		E648132519D994660011752B /* iAdMob */ = {
			isa = PBXNativeTarget;
			buildConfigurationList = E648133719D994670011752B /* Build configuration list for PBXNativeTarget "iAdMob" */;
			buildPhases = (
				E648132219D994660011752B /* Sources */,
				E648132319D994660011752B /* Frameworks */,
				E648132419D994660011752B /* Copy Files */,
			);
			buildRules = (
			);
			dependencies = (
			);
			name = iAdMob;
			productName = iAdMob;
			productReference = E648132619D994660011752B /* libiAdMob.a */;
			productType = "com.apple.product-type.library.static";
		};
		E648133019D994660011752B /* iAdMobTests */ = {
			isa = PBXNativeTarget;
			buildConfigurationList = E648133A19D994670011752B /* Build configuration list for PBXNativeTarget "iAdMobTests" */;
			buildPhases = (
				E648132D19D994660011752B /* Sources */,
				E648132E19D994660011752B /* Frameworks */,
				E648132F19D994660011752B /* Resources */,
			);
			buildRules = (
			);
			dependencies = (
			);
			name = iAdMobTests;
			productName = iAdMobTests;
			productType = "com.apple.product-type.bundle.unit-test";
		};
/* End PBXNativeTarget section */

/* Begin PBXProject section */
		E648131E19D994660011752B /* Project object */ = {
			isa = PBXProject;
			attributes = {
				LastUpgradeCheck = 0600;
				ORGANIZATIONNAME = "Anywhere Software";
				TargetAttributes = {
					E648132519D994660011752B = {
						CreatedOnToolsVersion = 6.0.1;
					};
					E648133019D994660011752B = {
						CreatedOnToolsVersion = 6.0.1;
					};
				};
			};
			buildConfigurationList = E648132119D994660011752B /* Build configuration list for PBXProject "iAdMob" */;
			compatibilityVersion = "Xcode 3.2";
			developmentRegion = English;
			hasScannedForEncodings = 0;
			knownRegions = (
				en,
			);
			mainGroup = E648131D19D994660011752B;
			productRefGroup = E648132719D994660011752B /* Products */;
			projectDirPath = "";
			projectRoot = "";
			targets = (
				E648132519D994660011752B /* iAdMob */,
				E648133019D994660011752B /* iAdMobTests */,
			);
		};
/* End PBXProject section */

/* Begin PBXResourcesBuildPhase section */
		E648132F19D994660011752B /* Resources */ = {
			isa = PBXResourcesBuildPhase;
			buildActionMask = 2147483647;
			files = (
			);
			runOnlyForDeploymentPostprocessing = 0;
		};
/* End PBXResourcesBuildPhase section */

/* Begin PBXSourcesBuildPhase section */
		E648132219D994660011752B /* Sources */ = {
			isa = PBXSourcesBuildPhase;
			buildActionMask = 2147483647;
			files = (
				176989CB408D2609840042CD /* B4IAdView.m in Sources */,
			);
			runOnlyForDeploymentPostprocessing = 0;
		};
		E648132D19D994660011752B /* Sources */ = {
			isa = PBXSourcesBuildPhase;
			buildActionMask = 2147483647;
			files = (
			);
			runOnlyForDeploymentPostprocessing = 0;
		};
/* End PBXSourcesBuildPhase section */

/* Begin XCBuildConfiguration section */
		E648133519D994670011752B /* Debug */ = {
			isa = XCBuildConfiguration;
			buildSettings = {
				ALWAYS_SEARCH_USER_PATHS = NO;
				ARCHS = armv7;
				CLANG_CXX_LANGUAGE_STANDARD = "gnu++0x";
				CLANG_CXX_LIBRARY = "libc++";
				CLANG_ENABLE_MODULES = YES;
				CLANG_ENABLE_OBJC_ARC = YES;
				CLANG_WARN_BOOL_CONVERSION = YES;
				CLANG_WARN_CONSTANT_CONVERSION = YES;
				CLANG_WARN_DIRECT_OBJC_ISA_USAGE = YES_ERROR;
				CLANG_WARN_EMPTY_BODY = YES;
				CLANG_WARN_ENUM_CONVERSION = YES;
				CLANG_WARN_INT_CONVERSION = YES;
				CLANG_WARN_OBJC_ROOT_CLASS = YES_ERROR;
				CLANG_WARN_UNREACHABLE_CODE = YES;
				CLANG_WARN__DUPLICATE_METHOD_MATCH = YES;
				COPY_PHASE_STRIP = NO;
				DEBUG_INFORMATION_FORMAT = stabs;
				ENABLE_STRICT_OBJC_MSGSEND = YES;
				GCC_C_LANGUAGE_STANDARD = gnu99;
				GCC_DYNAMIC_NO_PIC = NO;
				GCC_OPTIMIZATION_LEVEL = 0;
				GCC_PREPROCESSOR_DEFINITIONS = (
					"DEBUG=1",
					"$(inherited)",
				);
				GCC_SYMBOLS_PRIVATE_EXTERN = NO;
				GCC_WARN_64_TO_32_BIT_CONVERSION = YES;
				GCC_WARN_ABOUT_RETURN_TYPE = YES_ERROR;
				GCC_WARN_UNDECLARED_SELECTOR = YES;
				GCC_WARN_UNINITIALIZED_AUTOS = YES_AGGRESSIVE;
				GCC_WARN_UNUSED_FUNCTION = YES;
				GCC_WARN_UNUSED_VARIABLE = YES;
				IPHONEOS_DEPLOYMENT_TARGET = 8.0;
				MTL_ENABLE_DEBUG_INFO = YES;
				ONLY_ACTIVE_ARCH = YES;
				SDKROOT = iphoneos;
			};
			name = Debug;
		};
		E648133619D994670011752B /* Release */ = {
			isa = XCBuildConfiguration;
			buildSettings = {
				ALWAYS_SEARCH_USER_PATHS = NO;
				ARCHS = armv7;
				CLANG_CXX_LANGUAGE_STANDARD = "gnu++0x";
				CLANG_CXX_LIBRARY = "libc++";
				CLANG_ENABLE_MODULES = YES;
				CLANG_ENABLE_OBJC_ARC = YES;
				CLANG_WARN_BOOL_CONVERSION = YES;
				CLANG_WARN_CONSTANT_CONVERSION = YES;
				CLANG_WARN_DIRECT_OBJC_ISA_USAGE = YES_ERROR;
				CLANG_WARN_EMPTY_BODY = YES;
				CLANG_WARN_ENUM_CONVERSION = YES;
				CLANG_WARN_INT_CONVERSION = YES;
				CLANG_WARN_OBJC_ROOT_CLASS = YES_ERROR;
				CLANG_WARN_UNREACHABLE_CODE = YES;
				CLANG_WARN__DUPLICATE_METHOD_MATCH = YES;
				COPY_PHASE_STRIP = YES;
				DEBUG_INFORMATION_FORMAT = stabs;
				ENABLE_NS_ASSERTIONS = NO;
				ENABLE_STRICT_OBJC_MSGSEND = YES;
				GCC_C_LANGUAGE_STANDARD = gnu99;
				GCC_WARN_64_TO_32_BIT_CONVERSION = YES;
				GCC_WARN_ABOUT_RETURN_TYPE = YES_ERROR;
				GCC_WARN_UNDECLARED_SELECTOR = YES;
				GCC_WARN_UNINITIALIZED_AUTOS = YES_AGGRESSIVE;
				GCC_WARN_UNUSED_FUNCTION = YES;
				GCC_WARN_UNUSED_VARIABLE = YES;
				IPHONEOS_DEPLOYMENT_TARGET = 8.0;
				MTL_ENABLE_DEBUG_INFO = NO;
				SDKROOT = iphoneos;
				VALIDATE_PRODUCT = YES;
			};
			name = Release;
		};
		E648133819D994670011752B /* Debug */ = {
			isa = XCBuildConfiguration;
			buildSettings = {
				ARCHS = "$(ARCHS_STANDARD)";
				DEBUG_INFORMATION_FORMAT = dwarf;
				OTHER_LDFLAGS = "-ObjC";
				PRODUCT_NAME = "$(TARGET_NAME)";
				SKIP_INSTALL = YES;
			};
			name = Debug;
		};
		E648133919D994670011752B /* Release */ = {
			isa = XCBuildConfiguration;
			buildSettings = {
				ARCHS = "$(ARCHS_STANDARD)";
				DEBUG_INFORMATION_FORMAT = dwarf;
				OTHER_LDFLAGS = "-ObjC";
				PRODUCT_NAME = "$(TARGET_NAME)";
				SKIP_INSTALL = YES;
			};
			name = Release;
		};
		E648133B19D994670011752B /* Debug */ = {
			isa = XCBuildConfiguration;
			buildSettings = {
				FRAMEWORK_SEARCH_PATHS = (
					"$(SDKROOT)/Developer/Library/Frameworks",
					"$(inherited)",
				);
				GCC_PREPROCESSOR_DEFINITIONS = (
					"DEBUG=1",
					"$(inherited)",
				);
				INFOPLIST_FILE = iAdMobTests/Info.plist;
				LD_RUNPATH_SEARCH_PATHS = "$(inherited) @executable_path/Frameworks @loader_path/Frameworks";
				PRODUCT_NAME = "$(TARGET_NAME)";
			};
			name = Debug;
		};
		E648133C19D994670011752B /* Release */ = {
			isa = XCBuildConfiguration;
			buildSettings = {
				FRAMEWORK_SEARCH_PATHS = (
					"$(SDKROOT)/Developer/Library/Frameworks",
					"$(inherited)",
				);
				INFOPLIST_FILE = iAdMobTests/Info.plist;
				LD_RUNPATH_SEARCH_PATHS = "$(inherited) @executable_path/Frameworks @loader_path/Frameworks";
				PRODUCT_NAME = "$(TARGET_NAME)";
			};
			name = Release;
		};
/* End XCBuildConfiguration section */

/* Begin XCConfigurationList section */
		E648132119D994660011752B /* Build configuration list for PBXProject "iAdMob" */ = {
			isa = XCConfigurationList;
			buildConfigurations = (
				E648133519D994670011752B /* Debug */,
				E648133619D994670011752B /* Release */,
			);
			defaultConfigurationIsVisible = 0;
			defaultConfigurationName = Release;
		};
		E648133719D994670011752B /* Build configuration list for PBXNativeTarget "iAdMob" */ = {
			isa = XCConfigurationList;
			buildConfigurations = (
				E648133819D994670011752B /* Debug */,
				E648133919D994670011752B /* Release */,
			);
			defaultConfigurationIsVisible = 0;
			defaultConfigurationName = Release;
		};
		E648133A19D994670011752B /* Build configuration list for PBXNativeTarget "iAdMobTests" */ = {
			isa = XCConfigurationList;
			buildConfigurations = (
				E648133B19D994670011752B /* Debug */,
				E648133C19D994670011752B /* Release */,
			);
			defaultConfigurationIsVisible = 0;
			defaultConfigurationName = Release;
		};
/* End XCConfigurationList section */
	};
	rootObject = E648131E19D994660011752B /* Project object */;
}
